{
  "name": "CodexProject",
  "lockfileVersion": 3,
  "requires": true,
  "packages": {
    "": {
      "devDependencies": {
        "@openai/codex": "^0.114.0"
      }
    },
    "node_modules/@openai/codex": {
      "version": "0.114.0",
      "resolved": "https://registry.npmjs.org/@openai/codex/-/codex-0.114.0.tgz",
      "integrity": "sha512-HMo8LRR6CtfKkaa28xvFK6eOarmBFTDfsrS9GJtEoaspGGemFok494CpafDspiTZaHZZGHfSUe5SWTUxYq7OaA==",
      "dev": true,
      "license": "Apache-2.0",
      "bin": {
        "codex": "bin/codex.js"
      },
      "engines": {
        "node": ">=16"
      },
      "optionalDependencies": {
        "@openai/codex-darwin-arm64": "npm:@openai/codex@0.114.0-darwin-arm64",
        "@openai/codex-darwin-x64": "npm:@openai/codex@0.114.0-darwin-x64",
        "@openai/codex-linux-arm64": "npm:@openai/codex@0.114.0-linux-arm64",
        "@openai/codex-linux-x64": "npm:@openai/codex@0.114.0-linux-x64",
        "@openai/codex-win32-arm64": "npm:@openai/codex@0.114.0-win32-arm64",
        "@openai/codex-win32-x64": "npm:@openai/codex@0.114.0-win32-x64"
      }
    },
    "node_modules/@openai/codex-darwin-arm64": {
      "name": "@openai/codex",
      "version": "0.114.0-darwin-arm64",
      "resolved": "https://registry.npmjs.org/@openai/codex/-/codex-0.114.0-darwin-arm64.tgz",
      "integrity": "sha512-c9dlgo9O+66alr3s3G36fKE3KaO2+xrLZ/QcU3oujDruV86pqgVSEK2njHi+WIyyOa6m2AyWxdaHLEbKxPCNRg==",
      "cpu": [
        "arm64"
      ],
      "dev": true,
      "license": "Apache-2.0",
      "optional": true,
      "os": [
        "darwin"
      ],
      "engines": {
        "node": ">=16"
      }
    },
    "node_modules/@openai/codex-darwin-x64": {
      "name": "@openai/codex",
      "version": "0.114.0-darwin-x64",
      "resolved": "https://registry.npmjs.org/@openai/codex/-/codex-0.114.0-darwin-x64.tgz",
      "integrity": "sha512-oPAPeZSaJZ1AQneFPSJu44uqbZr63Bxut9FOTWZwuSqYx4YEees7i0HJmJcqQc0XnCbYtHJdqo/i07Uv374NLw==",
      "cpu": [
        "x64"
      ],
      "dev": true,
      "license": "Apache-2.0",
      "optional": true,
      "os": [
        "darwin"
      ],
      "engines": {
        "node": ">=16"
      }
    },
    "node_modules/@openai/codex-linux-arm64": {
      "name": "@openai/codex",
      "version": "0.114.0-linux-arm64",
      "resolved": "https://registry.npmjs.org/@openai/codex/-/codex-0.114.0-linux-arm64.tgz",
      "integrity": "sha512-oUFZGZgMiEqmo85C+dfhckpVApH25alLWfwBgfKr2IRgdx/tovy8vN101f6kj01E6nDDe4LfJdNSZGtZht4fRA==",
      "cpu": [
        "arm64"
      ],
      "dev": true,
      "license": "Apache-2.0",
      "optional": true,
      "os": [
        "linux"
      ],
      "engines": {
        "node": ">=16"
      }
    },
    "node_modules/@openai/codex-linux-x64": {
      "name": "@openai/codex",
      "version": "0.114.0-linux-x64",
      "resolved": "https://registry.npmjs.org/@openai/codex/-/codex-0.114.0-linux-x64.tgz",
      "integrity": "sha512-MF6RhxfBoccccd5CYII2C7TL2TvYzombBQhanDZfQAajr6n7IuoazCmoHDlrFHS4AcSw9bYA4MRlrwEjbEjgsw==",
      "cpu": [
        "x64"
      ],
      "dev": true,
      "license": "Apache-2.0",
      "optional": true,
      "os": [
        "linux"
      ],
      "engines": {
        "node": ">=16"
      }
    },
    "node_modules/@openai/codex-win32-arm64": {
      "name": "@openai/codex",
      "version": "0.114.0-win32-arm64",
      "resolved": "https://registry.npmjs.org/@openai/codex/-/codex-0.114.0-win32-arm64.tgz",
      "integrity": "sha512-CnRMHopj3en9aqQ2UaDW7EgpEGkxHdZVLLRq2cOy5D0HyuzF6Qb6595ADoFVJHEmPeN5Iz/KUbiGs5GLDjUwOA==",
      "cpu": [
        "arm64"
      ],
      "dev": true,
      "license": "Apache-2.0",
      "optional": true,
      "os": [
        "win32"
      ],
      "engines": {
        "node": ">=16"
      }
    },
    "node_modules/@openai/codex-win32-x64": {
      "name": "@openai/codex",
      "version": "0.114.0-win32-x64",
      "resolved": "https://registry.npmjs.org/@openai/codex/-/codex-0.114.0-win32-x64.tgz",
      "integrity": "sha512-ztRsH5Z+gPVZ5ZInx6HzXsTFFkuEdjk3Ay0UGVOhRRCWvevXQi/SL4eU8hwysCYrs8K/WRq3mo4c95w9zQ2wLw==",
      "cpu": [
        "x64"
      ],
      "dev": true,
      "license": "Apache-2.0",
      "optional": true,
      "os": [
        "win32"
      ],
      "engines": {
        "node": ">=16"
      }
    }
  }
}
